
Microsoft Visual Studio Solution File, Format Version 12.00
# Visual Studio Version 17
VisualStudioVersion = 17.10.34916.146
MinimumVisualStudioVersion = 10.0.40219.1
Project("{8BC9CEB8-8B4A-11D0-8D11-00A0C91BC942}") = "Application", "Application\Application.vcxproj", "{24D161DA-5433-4E6A-8C66-675025B9D5AF}"
EndProject
Project("{8BC9CEB8-8B4A-11D0-8D11-00A0C91BC942}") = "Tests", "Tests\Tests.vcxproj", "{506E729A-9C63-4300-8A8E-51595A7BEA53}"
EndProject
Global
	GlobalSection(SolutionConfigurationPlatforms) = preSolution
		Debug|x64 = Debug|x64
		Debug|x86 = Debug|x86
		Release|x64 = Release|x64
		Release|x86 = Release|x86
	EndGlobalSection
	GlobalSection(ProjectConfigurationPlatforms) = postSolution
		{24D161DA-5433-4E6A-8C66-675025B9D5AF}.Debug|x64.ActiveCfg = Debug|x64
		{24D161DA-5433-4E6A-8C66-675025B9D5AF}.Debug|x64.Build.0 = Debug|x64
		{24D161DA-5433-4E6A-8C66-675025B9D5AF}.Debug|x86.ActiveCfg = Debug|Win32
		{24D161DA-5433-4E6A-8C66-675025B9D5AF}.Debug|x86.Build.0 = Debug|Win32
		{24D161DA-5433-4E6A-8C66-675025B9D5AF}.Release|x64.ActiveCfg = Release|x64
		{24D161DA-5433-4E6A-8C66-675025B9D5AF}.Release|x64.Build.0 = Release|x64
		{24D161DA-5433-4E6A-8C66-675025B9D5AF}.Release|x86.ActiveCfg = Release|Win32
		{24D161DA-5433-4E6A-8C66-675025B9D5AF}.Release|x86.Build.0 = Release|Win32
		{506E729A-9C63-4300-8A8E-51595A7BEA53}.Debug|x64.ActiveCfg = Debug|x64
		{506E729A-9C63-4300-8A8E-51595A7BEA53}.Debug|x64.Build.0 = Debug|x64
		{506E729A-9C63-4300-8A8E-51595A7BEA53}.Debug|x86.ActiveCfg = Debug|Win32
		{506E729A-9C63-4300-8A8E-51595A7BEA53}.Debug|x86.Build.0 = Debug|Win32
		{506E729A-9C63-4300-8A8E-51595A7BEA53}.Release|x64.ActiveCfg = Release|x64
		{506E729A-9C63-4300-8A8E-51595A7BEA53}.Release|x64.Build.0 = Release|x64
		{506E729A-9C63-4300-8A8E-51595A7BEA53}.Release|x86.ActiveCfg = Release|Win32
		{506E729A-9C63-4300-8A8E-51595A7BEA53}.Release|x86.Build.0 = Release|Win32
	EndGlobalSection
	GlobalSection(SolutionProperties) = preSolution
		HideSolutionNode = FALSE
	EndGlobalSection
	GlobalSection(ExtensibilityGlobals) = postSolution
		SolutionGuid = {77678E24-E065-4AE5-AD8F-848ED25CD63C}
	EndGlobalSection
EndGlobal
